{
  "name": "@stackbit/artisanal-names",
  "version": "1.0.0",
  "lockfileVersion": 1,
  "requires": true,
  "dependencies": {
    "prng-well1024a": {
      "version": "1.0.1",
      "resolved": "https://registry.npmjs.org/prng-well1024a/-/prng-well1024a-1.0.1.tgz",
      "integrity": "sha1-Bejtkj5OorP3ivXulPBWtNXPqyQ="
    },
    "randy": {
      "version": "1.5.1",
      "resolved": "https://registry.npmjs.org/randy/-/randy-1.5.1.tgz",
      "integrity": "sha1-59wIag7Li+99ZzVmQs0qM/liRlw=",
      "requires": {
        "prng-well1024a": "~1.0.0"
      }
    }
  }
}
